
Microsoft Visual Studio Solution File, Format Version 12.00
# Visual Studio Version 17
VisualStudioVersion = 17.9.34310.174
MinimumVisualStudioVersion = 10.0.40219.1
Project("{9A19103F-16F7-4668-BE54-9A1E7A4F7556}") = "NavigationBar", "NavigationBar\NavigationBar.csproj", "{844586E9-C263-460A-8889-1DF3B17B2ADD}"
EndProject
Project("{9A19103F-16F7-4668-BE54-9A1E7A4F7556}") = "DemoApp", "DemoApp\DemoApp.csproj", "{AED5B0EC-6E27-46AA-902A-44FD35F42F18}"
EndProject
Project("{2150E333-8FDC-42A3-9474-1A3956D46DE8}") = "WPF", "WPF", "{8C934CD2-F477-4C0E-A5A1-6CD0FEB7141B}"
EndProject
Project("{2150E333-8FDC-42A3-9474-1A3956D46DE8}") = "Avalonia", "Avalonia", "{E4A32723-A8E8-47D2-9BAC-512BB616EACD}"
EndProject
Project("{9A19103F-16F7-4668-BE54-9A1E7A4F7556}") = "NavigationBar", "Avalonia\NavigationBar\NavigationBar.csproj", "{39E9B3D6-27A5-4BFD-99ED-FFFC841686DE}"
EndProject
Project("{FAE04EC0-301F-11D3-BF4B-00C04F79EFBC}") = "AvaDemoApp", "Avalonia\AvaDemoApp\AvaDemoApp\AvaDemoApp.csproj", "{AEB44D80-73A9-44A3-A3CB-7B938C140974}"
EndProject
Project("{FAE04EC0-301F-11D3-BF4B-00C04F79EFBC}") = "AvaDemoApp.Android", "Avalonia\AvaDemoApp\AvaDemoApp.Android\AvaDemoApp.Android.csproj", "{DF4DA480-593E-4B03-8C25-07BD3E26BCA7}"
EndProject
Project("{FAE04EC0-301F-11D3-BF4B-00C04F79EFBC}") = "AvaDemoApp.Desktop", "Avalonia\AvaDemoApp\AvaDemoApp.Desktop\AvaDemoApp.Desktop.csproj", "{0ECCAB6D-70C1-440E-BF5E-99C21AC07FC7}"
EndProject
Project("{FAE04EC0-301F-11D3-BF4B-00C04F79EFBC}") = "AvaDemoApp.Browser", "Avalonia\AvaDemoApp\AvaDemoApp.Browser\AvaDemoApp.Browser.csproj", "{B520C087-EE21-4411-9CF7-C79AF280E871}"
EndProject
Global
	GlobalSection(SolutionConfigurationPlatforms) = preSolution
		Debug|Any CPU = Debug|Any CPU
		Release|Any CPU = Release|Any CPU
	EndGlobalSection
	GlobalSection(ProjectConfigurationPlatforms) = postSolution
		{844586E9-C263-460A-8889-1DF3B17B2ADD}.Debug|Any CPU.ActiveCfg = Debug|Any CPU
		{844586E9-C263-460A-8889-1DF3B17B2ADD}.Debug|Any CPU.Build.0 = Debug|Any CPU
		{844586E9-C263-460A-8889-1DF3B17B2ADD}.Release|Any CPU.ActiveCfg = Release|Any CPU
		{844586E9-C263-460A-8889-1DF3B17B2ADD}.Release|Any CPU.Build.0 = Release|Any CPU
		{AED5B0EC-6E27-46AA-902A-44FD35F42F18}.Debug|Any CPU.ActiveCfg = Debug|Any CPU
		{AED5B0EC-6E27-46AA-902A-44FD35F42F18}.Debug|Any CPU.Build.0 = Debug|Any CPU
		{AED5B0EC-6E27-46AA-902A-44FD35F42F18}.Release|Any CPU.ActiveCfg = Release|Any CPU
		{AED5B0EC-6E27-46AA-902A-44FD35F42F18}.Release|Any CPU.Build.0 = Release|Any CPU
		{39E9B3D6-27A5-4BFD-99ED-FFFC841686DE}.Debug|Any CPU.ActiveCfg = Debug|Any CPU
		{39E9B3D6-27A5-4BFD-99ED-FFFC841686DE}.Debug|Any CPU.Build.0 = Debug|Any CPU
		{39E9B3D6-27A5-4BFD-99ED-FFFC841686DE}.Release|Any CPU.ActiveCfg = Release|Any CPU
		{39E9B3D6-27A5-4BFD-99ED-FFFC841686DE}.Release|Any CPU.Build.0 = Release|Any CPU
		{AEB44D80-73A9-44A3-A3CB-7B938C140974}.Debug|Any CPU.ActiveCfg = Debug|Any CPU
		{AEB44D80-73A9-44A3-A3CB-7B938C140974}.Debug|Any CPU.Build.0 = Debug|Any CPU
		{AEB44D80-73A9-44A3-A3CB-7B938C140974}.Release|Any CPU.ActiveCfg = Release|Any CPU
		{AEB44D80-73A9-44A3-A3CB-7B938C140974}.Release|Any CPU.Build.0 = Release|Any CPU
		{DF4DA480-593E-4B03-8C25-07BD3E26BCA7}.Debug|Any CPU.ActiveCfg = Debug|Any CPU
		{DF4DA480-593E-4B03-8C25-07BD3E26BCA7}.Debug|Any CPU.Build.0 = Debug|Any CPU
		{DF4DA480-593E-4B03-8C25-07BD3E26BCA7}.Debug|Any CPU.Deploy.0 = Debug|Any CPU
		{DF4DA480-593E-4B03-8C25-07BD3E26BCA7}.Release|Any CPU.ActiveCfg = Release|Any CPU
		{DF4DA480-593E-4B03-8C25-07BD3E26BCA7}.Release|Any CPU.Build.0 = Release|Any CPU
		{DF4DA480-593E-4B03-8C25-07BD3E26BCA7}.Release|Any CPU.Deploy.0 = Release|Any CPU
		{0ECCAB6D-70C1-440E-BF5E-99C21AC07FC7}.Debug|Any CPU.ActiveCfg = Debug|Any CPU
		{0ECCAB6D-70C1-440E-BF5E-99C21AC07FC7}.Debug|Any CPU.Build.0 = Debug|Any CPU
		{0ECCAB6D-70C1-440E-BF5E-99C21AC07FC7}.Release|Any CPU.ActiveCfg = Release|Any CPU
		{0ECCAB6D-70C1-440E-BF5E-99C21AC07FC7}.Release|Any CPU.Build.0 = Release|Any CPU
		{B520C087-EE21-4411-9CF7-C79AF280E871}.Debug|Any CPU.ActiveCfg = Debug|Any CPU
		{B520C087-EE21-4411-9CF7-C79AF280E871}.Debug|Any CPU.Build.0 = Debug|Any CPU
		{B520C087-EE21-4411-9CF7-C79AF280E871}.Release|Any CPU.ActiveCfg = Release|Any CPU
		{B520C087-EE21-4411-9CF7-C79AF280E871}.Release|Any CPU.Build.0 = Release|Any CPU
	EndGlobalSection
	GlobalSection(SolutionProperties) = preSolution
		HideSolutionNode = FALSE
	EndGlobalSection
	GlobalSection(NestedProjects) = preSolution
		{844586E9-C263-460A-8889-1DF3B17B2ADD} = {8C934CD2-F477-4C0E-A5A1-6CD0FEB7141B}
		{AED5B0EC-6E27-46AA-902A-44FD35F42F18} = {8C934CD2-F477-4C0E-A5A1-6CD0FEB7141B}
		{39E9B3D6-27A5-4BFD-99ED-FFFC841686DE} = {E4A32723-A8E8-47D2-9BAC-512BB616EACD}
		{AEB44D80-73A9-44A3-A3CB-7B938C140974} = {E4A32723-A8E8-47D2-9BAC-512BB616EACD}
		{DF4DA480-593E-4B03-8C25-07BD3E26BCA7} = {E4A32723-A8E8-47D2-9BAC-512BB616EACD}
		{0ECCAB6D-70C1-440E-BF5E-99C21AC07FC7} = {E4A32723-A8E8-47D2-9BAC-512BB616EACD}
		{B520C087-EE21-4411-9CF7-C79AF280E871} = {E4A32723-A8E8-47D2-9BAC-512BB616EACD}
	EndGlobalSection
	GlobalSection(ExtensibilityGlobals) = postSolution
		SolutionGuid = {17B3F628-F00A-40E5-B254-D0AD3A7074F5}
	EndGlobalSection
EndGlobal
